
Microsoft Visual Studio Solution File, Format Version 12.00
# Visual Studio Version 17
VisualStudioVersion = 17.8.34525.116
MinimumVisualStudioVersion = 10.0.40219.1
Project("{FAE04EC0-301F-11D3-BF4B-00C04F79EFBC}") = "Showcase", "Showcase\Showcase.csproj", "{DBEEC070-1C88-4BED-AAC5-902F38D38301}"
EndProject
Global
	GlobalSection(SolutionConfigurationPlatforms) = preSolution
		Debug|Any CPU = Debug|Any CPU
		Release|Any CPU = Release|Any CPU
	EndGlobalSection
	GlobalSection(ProjectConfigurationPlatforms) = postSolution
		{DBEEC070-1C88-4BED-AAC5-902F38D38301}.Debug|Any CPU.ActiveCfg = Debug|Any CPU
		{DBEEC070-1C88-4BED-AAC5-902F38D38301}.Debug|Any CPU.Build.0 = Debug|Any CPU
		{DBEEC070-1C88-4BED-AAC5-902F38D38301}.Release|Any CPU.ActiveCfg = Release|Any CPU
		{DBEEC070-1C88-4BED-AAC5-902F38D38301}.Release|Any CPU.Build.0 = Release|Any CPU
	EndGlobalSection
	GlobalSection(SolutionProperties) = preSolution
		HideSolutionNode = FALSE
	EndGlobalSection
	GlobalSection(ExtensibilityGlobals) = postSolution
		SolutionGuid = {6FA684F8-A930-4658-B807-833532FF6D31}
	EndGlobalSection
EndGlobal
